{
  "pins" : [
    {
      "identity" : "abseil-cpp-swiftpm",
      "kind" : "remoteSourceControl",
      "location" : "https://github.com/firebase/abseil-cpp-SwiftPM.git",
      "state" : {
        "revision" : "05d8107f2971a37e6c77245b7c4c6b0a7e97bc99",
        "version" : "0.20200225.0"
      }
    },
    {
      "identity" : "boringssl-swiftpm",
      "kind" : "remoteSourceControl",
      "location" : "https://github.com/firebase/boringssl-SwiftPM.git",
      "state" : {
        "revision" : "7bcafa2660bc58715c39637494550d1ed7cd7229",
        "version" : "0.0.7"
      }
    },
    {
      "identity" : "firebase-ios-sdk",
      "kind" : "remoteSourceControl",
      "location" : "https://github.com/firebase/firebase-ios-sdk.git",
      "state" : {
        "revision" : "3721a5b8a6233237098f90e5f065dada7641a40b",
        "version" : "7.4.0"
      }
    },
    {
      "identity" : "grpc-swiftpm",
      "kind" : "remoteSourceControl",
      "location" : "https://github.com/firebase/grpc-SwiftPM.git",
      "state" : {
        "revision" : "91b62619e6c83bc5f1b99d9d60fe46b2862d3a5a",
        "version" : "1.28.2"
      }
    },
    {
      "identity" : "gtm-session-fetcher",
      "kind" : "remoteSourceControl",
      "location" : "https://github.com/google/gtm-session-fetcher.git",
      "state" : {
        "revision" : "91ed3d188eb95705fef3c249453b81f32dc557d1",
        "version" : "1.5.0"
      }
    },
    {
      "identity" : "kingfisher",
      "kind" : "remoteSourceControl",
      "location" : "https://github.com/onevcat/Kingfisher.git",
      "state" : {
        "revision" : "d0d669fba45e16b0669ce4986725b71da41c4049",
        "version" : "6.0.1"
      }
    },
    {
      "identity" : "leveldb",
      "kind" : "remoteSourceControl",
      "location" : "https://github.com/firebase/leveldb.git",
      "state" : {
        "revision" : "fa1f25f296a766e5a789c4dacd4798dea798b2c2",
        "version" : "1.22.1"
      }
    },
    {
      "identity" : "nanopb",
      "kind" : "remoteSourceControl",
      "location" : "https://github.com/firebase/nanopb.git",
      "state" : {
        "revision" : "c2d43e59d8ec880ed261366818f0cacc5c8cc2e6",
        "version" : "2.30907.0"
      }
    },
    {
      "identity" : "promises",
      "kind" : "remoteSourceControl",
      "location" : "https://github.com/google/promises.git",
      "state" : {
        "revision" : "afa9a1ace74e116848d4f743599ab83e584ff8cb",
        "version" : "1.2.12"
      }
    }
  ],
  "version" : 2
}
